# generated by rye
# use `rye lock` or `rye sync` to update this lockfile
#
# last locked with the following flags:
#   pre: false
#   features: []
#   all-features: false
#   with-sources: true
#   generate-hashes: false
#   universal: true

--index-url https://pypi.org/simple/
--find-links https://download.pytorch.org/whl/cu117/torch/

-e file:.
absl-py==2.1.0
    # via tensorboard
aiohttp==3.8.6
    # via fsspec
aiosignal==1.3.1
    # via aiohttp
async-timeout==4.0.3
    # via aiohttp
asynctest==0.13.0 ; python_full_version < '3.8'
    # via aiohttp
attrs==24.2.0
    # via aiohttp
beartype==0.14.1
    # via frea
cachetools==5.5.0
    # via google-auth
certifi==2024.12.14
    # via requests
charset-normalizer==3.4.1
    # via aiohttp
    # via requests
cloudpickle==2.2.1
    # via gym
colorama==0.4.6 ; platform_system == 'Windows'
    # via tqdm
cycler==0.11.0
    # via matplotlib
decorator==4.4.2
    # via moviepy
distance3d==0.9.0
    # via frea
einops==0.6.1
    # via frea
filelock==3.12.2
    # via huggingface-hub
    # via transformers
fonttools==4.38.0
    # via matplotlib
frozenlist==1.3.3
    # via aiohttp
    # via aiosignal
fsspec==2023.1.0
    # via huggingface-hub
    # via pytorch-lightning
google-auth==2.37.0
    # via google-auth-oauthlib
    # via tensorboard
google-auth-oauthlib==0.4.6
    # via tensorboard
grpcio==1.62.3
    # via tensorboard
gym==0.23.1
    # via frea
gym-notices==0.0.8
    # via gym
h5py==3.8.0
    # via frea
huggingface-hub==0.16.4
    # via transformers
idna==3.10
    # via requests
    # via yarl
imageio==2.31.2
    # via moviepy
    # via scikit-image
imageio-ffmpeg==0.5.1
    # via moviepy
importlib-metadata==6.7.0
    # via attrs
    # via frea
    # via gym
    # via huggingface-hub
    # via lightning-utilities
    # via markdown
    # via transformers
joblib==1.3.2
    # via frea
kiwisolver==1.4.5
    # via matplotlib
lightning-utilities==0.10.1
    # via pytorch-lightning
llvmlite==0.36.0
    # via numba
lxml==5.3.0
    # via pytransform3d
markdown==3.4.4
    # via tensorboard
markupsafe==2.1.5
    # via werkzeug
matplotlib==3.5.3
    # via distance3d
    # via frea
    # via pytransform3d
    # via seaborn
moviepy==1.0.3
    # via frea
multidict==6.0.5
    # via aiohttp
    # via yarl
networkx==2.6.3
    # via scikit-image
numba==0.53.1
    # via distance3d
numpy==1.21.6 ; python_full_version < '3.11'
    # via distance3d
    # via frea
    # via gym
    # via h5py
    # via imageio
    # via matplotlib
    # via moviepy
    # via numba
    # via opencv-python
    # via pandas
    # via pytorch-lightning
    # via pytransform3d
    # via pywavelets
    # via rdp
    # via scikit-image
    # via scipy
    # via seaborn
    # via shapely
    # via tensorboard
    # via tifffile
    # via torchmetrics
    # via transformers
numpy==2.2.1 ; python_full_version >= '3.11'
    # via distance3d
    # via frea
    # via gym
    # via h5py
    # via imageio
    # via matplotlib
    # via moviepy
    # via numba
    # via opencv-python
    # via pandas
    # via pytorch-lightning
    # via pytransform3d
    # via pywavelets
    # via rdp
    # via scikit-image
    # via scipy
    # via seaborn
    # via shapely
    # via tensorboard
    # via tifffile
    # via torchmetrics
    # via transformers
oauthlib==3.2.2
    # via requests-oauthlib
opencv-python==4.10.0.84
    # via frea
packaging==24.0
    # via huggingface-hub
    # via lightning-utilities
    # via matplotlib
    # via pytorch-lightning
    # via scikit-image
    # via torchmetrics
    # via transformers
pandas==1.3.5
    # via frea
    # via seaborn
pillow==9.5.0
    # via frea
    # via imageio
    # via matplotlib
    # via scikit-image
proglog==0.1.10
    # via moviepy
protobuf==3.20.3
    # via tensorboard
pyasn1==0.5.1
    # via pyasn1-modules
    # via rsa
pyasn1-modules==0.3.0
    # via google-auth
pygame==2.6.1
    # via frea
pyparsing==3.1.4
    # via matplotlib
python-dateutil==2.9.0.post0
    # via matplotlib
    # via pandas
pytorch-lightning==1.9.5
    # via frea
pytransform3d==3.11.0
    # via distance3d
pytz==2024.2
    # via pandas
pywavelets==1.3.0
    # via scikit-image
pyyaml==6.0.1
    # via frea
    # via huggingface-hub
    # via pytorch-lightning
    # via transformers
rdp==0.8
    # via frea
regex==2024.4.16
    # via transformers
requests==2.31.0
    # via fsspec
    # via huggingface-hub
    # via moviepy
    # via requests-oauthlib
    # via tensorboard
    # via transformers
requests-oauthlib==2.0.0
    # via google-auth-oauthlib
rsa==4.9
    # via google-auth
safetensors==0.3.1
    # via frea
    # via transformers
scikit-image==0.19.3
    # via frea
scipy==1.7.3 ; python_full_version < '3.11'
    # via distance3d
    # via frea
    # via pytransform3d
    # via scikit-image
scipy==1.15.1 ; python_full_version >= '3.11'
    # via distance3d
    # via frea
    # via pytransform3d
    # via scikit-image
seaborn==0.12.2
    # via frea
setuptools==68.0.0
    # via frea
    # via imageio-ffmpeg
    # via lightning-utilities
    # via numba
    # via tensorboard
shapely==2.0.6
    # via frea
six==1.17.0
    # via frea
    # via python-dateutil
tensorboard==2.11.2
    # via frea
tensorboard-data-server==0.6.1
    # via tensorboard
tensorboard-plugin-wit==1.8.1
    # via tensorboard
tifffile==2021.11.2
    # via scikit-image
tokenizers==0.13.3
    # via transformers
torch==1.13.1+cu117
    # via frea
    # via pytorch-lightning
    # via torchmetrics
torchmetrics==0.11.4
    # via frea
    # via pytorch-lightning
tqdm==4.67.1
    # via frea
    # via huggingface-hub
    # via moviepy
    # via proglog
    # via pytorch-lightning
    # via transformers
transformers==4.30.2
    # via frea
typing-extensions==4.7.1
    # via aiohttp
    # via async-timeout
    # via huggingface-hub
    # via importlib-metadata
    # via kiwisolver
    # via lightning-utilities
    # via pytorch-lightning
    # via seaborn
    # via torch
    # via torchmetrics
    # via yarl
urllib3==2.0.7
    # via requests
werkzeug==2.2.3
    # via tensorboard
wheel==0.42.0
    # via tensorboard
yarl==1.9.4
    # via aiohttp
zipp==3.15.0
    # via importlib-metadata
